// !$*UTF8*$!
{
	archiveVersion = 1;
	classes = {
	};
	objectVersion = 46;
	objects = {

/* Begin PBXBuildFile section */
		75C83A2419E9046600636FB2 /* AppDelegate.swift in Sources */ = {isa = PBXBuildFile; fileRef = 75C83A2319E9046600636FB2 /* AppDelegate.swift */; };
		75C83A2619E9046600636FB2 /* ViewController.swift in Sources */ = {isa = PBXBuildFile; fileRef = 75C83A2519E9046600636FB2 /* ViewController.swift */; };
		75C83A2919E9046600636FB2 /* Main.storyboard in Resources */ = {isa = PBXBuildFile; fileRef = 75C83A2719E9046600636FB2 /* Main.storyboard */; };
		75C83A2B19E9046600636FB2 /* Images.xcassets in Resources */ = {isa = PBXBuildFile; fileRef = 75C83A2A19E9046600636FB2 /* Images.xcassets */; };
		75C83A2E19E9046600636FB2 /* LaunchScreen.xib in Resources */ = {isa = PBXBuildFile; fileRef = 75C83A2C19E9046600636FB2 /* LaunchScreen.xib */; };
		75C83A3A19E9046700636FB2 /* Remote_RemoteTests.swift in Sources */ = {isa = PBXBuildFile; fileRef = 75C83A3919E9046700636FB2 /* Remote_RemoteTests.swift */; };
		75DF1FA31A0A2E67004A9646 /* AppIcon@2x.png in Resources */ = {isa = PBXBuildFile; fileRef = 75DF1FA21A0A2E67004A9646 /* AppIcon@2x.png */; };
/* End PBXBuildFile section */

/* Begin PBXContainerItemProxy section */
		75C83A3419E9046700636FB2 /* PBXContainerItemProxy */ = {
			isa = PBXContainerItemProxy;
			containerPortal = 75C83A1619E9046600636FB2 /* Project object */;
			proxyType = 1;
			remoteGlobalIDString = 75C83A1D19E9046600636FB2;
			remoteInfo = "Remote-Remote";
		};
/* End PBXContainerItemProxy section */

/* Begin PBXFileReference section */
		75C83A1E19E9046600636FB2 /* Remote-Remote.app */ = {isa = PBXFileReference; explicitFileType = wrapper.application; includeInIndex = 0; path = "Remote-Remote.app"; sourceTree = BUILT_PRODUCTS_DIR; };
		75C83A2219E9046600636FB2 /* Info.plist */ = {isa = PBXFileReference; lastKnownFileType = text.plist.xml; path = Info.plist; sourceTree = "<group>"; };
		75C83A2319E9046600636FB2 /* AppDelegate.swift */ = {isa = PBXFileReference; lastKnownFileType = sourcecode.swift; path = AppDelegate.swift; sourceTree = "<group>"; };
		75C83A2519E9046600636FB2 /* ViewController.swift */ = {isa = PBXFileReference; lastKnownFileType = sourcecode.swift; path = ViewController.swift; sourceTree = "<group>"; };
		75C83A2819E9046600636FB2 /* Base */ = {isa = PBXFileReference; lastKnownFileType = file.storyboard; name = Base; path = Base.lproj/Main.storyboard; sourceTree = "<group>"; };
		75C83A2A19E9046600636FB2 /* Images.xcassets */ = {isa = PBXFileReference; lastKnownFileType = folder.assetcatalog; path = Images.xcassets; sourceTree = "<group>"; };
		75C83A2D19E9046600636FB2 /* Base */ = {isa = PBXFileReference; lastKnownFileType = file.xib; name = Base; path = Base.lproj/LaunchScreen.xib; sourceTree = "<group>"; };
		75C83A3319E9046700636FB2 /* Remote-RemoteTests.xctest */ = {isa = PBXFileReference; explicitFileType = wrapper.cfbundle; includeInIndex = 0; path = "Remote-RemoteTests.xctest"; sourceTree = BUILT_PRODUCTS_DIR; };
		75C83A3819E9046700636FB2 /* Info.plist */ = {isa = PBXFileReference; lastKnownFileType = text.plist.xml; path = Info.plist; sourceTree = "<group>"; };
		75C83A3919E9046700636FB2 /* Remote_RemoteTests.swift */ = {isa = PBXFileReference; lastKnownFileType = sourcecode.swift; path = Remote_RemoteTests.swift; sourceTree = "<group>"; };
		75DF1FA21A0A2E67004A9646 /* AppIcon@2x.png */ = {isa = PBXFileReference; lastKnownFileType = image.png; path = "AppIcon@2x.png"; sourceTree = SOURCE_ROOT; };
/* End PBXFileReference section */

/* Begin PBXFrameworksBuildPhase section */
		75C83A1B19E9046600636FB2 /* Frameworks */ = {
			isa = PBXFrameworksBuildPhase;
			buildActionMask = 2147483647;
			files = (
			);
			runOnlyForDeploymentPostprocessing = 0;
		};
		75C83A3019E9046700636FB2 /* Frameworks */ = {
			isa = PBXFrameworksBuildPhase;
			buildActionMask = 2147483647;
			files = (
			);
			runOnlyForDeploymentPostprocessing = 0;
		};
/* End PBXFrameworksBuildPhase section */

/* Begin PBXGroup section */
		75C83A1519E9046600636FB2 = {
			isa = PBXGroup;
			children = (
				75C83A2019E9046600636FB2 /* Remote-Remote */,
				75C83A3619E9046700636FB2 /* Remote-RemoteTests */,
				75C83A1F19E9046600636FB2 /* Products */,
			);
			sourceTree = "<group>";
		};
		75C83A1F19E9046600636FB2 /* Products */ = {
			isa = PBXGroup;
			children = (
				75C83A1E19E9046600636FB2 /* Remote-Remote.app */,
				75C83A3319E9046700636FB2 /* Remote-RemoteTests.xctest */,
			);
			name = Products;
			sourceTree = "<group>";
		};
		75C83A2019E9046600636FB2 /* Remote-Remote */ = {
			isa = PBXGroup;
			children = (
				75DF1FA21A0A2E67004A9646 /* AppIcon@2x.png */,
				75C83A2319E9046600636FB2 /* AppDelegate.swift */,
				75C83A2519E9046600636FB2 /* ViewController.swift */,
				75C83A2719E9046600636FB2 /* Main.storyboard */,
				75C83A2A19E9046600636FB2 /* Images.xcassets */,
				75C83A2C19E9046600636FB2 /* LaunchScreen.xib */,
				75C83A2119E9046600636FB2 /* Supporting Files */,
			);
			path = "Remote-Remote";
			sourceTree = "<group>";
		};
		75C83A2119E9046600636FB2 /* Supporting Files */ = {
			isa = PBXGroup;
			children = (
				75C83A2219E9046600636FB2 /* Info.plist */,
			);
			name = "Supporting Files";
			sourceTree = "<group>";
		};
		75C83A3619E9046700636FB2 /* Remote-RemoteTests */ = {
			isa = PBXGroup;
			children = (
				75C83A3919E9046700636FB2 /* Remote_RemoteTests.swift */,
				75C83A3719E9046700636FB2 /* Supporting Files */,
			);
			path = "Remote-RemoteTests";
			sourceTree = "<group>";
		};
		75C83A3719E9046700636FB2 /* Supporting Files */ = {
			isa = PBXGroup;
			children = (
				75C83A3819E9046700636FB2 /* Info.plist */,
			);
			name = "Supporting Files";
			sourceTree = "<group>";
		};
/* End PBXGroup section */

/* Begin PBXNativeTarget section */
		75C83A1D19E9046600636FB2 /* Remote-Remote */ = {
			isa = PBXNativeTarget;
			buildConfigurationList = 75C83A3D19E9046700636FB2 /* Build configuration list for PBXNativeTarget "Remote-Remote" */;
			buildPhases = (
				75C83A1A19E9046600636FB2 /* Sources */,
				75C83A1B19E9046600636FB2 /* Frameworks */,
				75C83A1C19E9046600636FB2 /* Resources */,
			);
			buildRules = (
			);
			dependencies = (
			);
			name = "Remote-Remote";
			productName = "Remote-Remote";
			productReference = 75C83A1E19E9046600636FB2 /* Remote-Remote.app */;
			productType = "com.apple.product-type.application";
		};
		75C83A3219E9046700636FB2 /* Remote-RemoteTests */ = {
			isa = PBXNativeTarget;
			buildConfigurationList = 75C83A4019E9046700636FB2 /* Build configuration list for PBXNativeTarget "Remote-RemoteTests" */;
			buildPhases = (
				75C83A2F19E9046700636FB2 /* Sources */,
				75C83A3019E9046700636FB2 /* Frameworks */,
				75C83A3119E9046700636FB2 /* Resources */,
			);
			buildRules = (
			);
			dependencies = (
				75C83A3519E9046700636FB2 /* PBXTargetDependency */,
			);
			name = "Remote-RemoteTests";
			productName = "Remote-RemoteTests";
			productReference = 75C83A3319E9046700636FB2 /* Remote-RemoteTests.xctest */;
			productType = "com.apple.product-type.bundle.unit-test";
		};
/* End PBXNativeTarget section */

/* Begin PBXProject section */
		75C83A1619E9046600636FB2 /* Project object */ = {
			isa = PBXProject;
			attributes = {
				LastUpgradeCheck = 0600;
				ORGANIZATIONNAME = "Byron Coetsee";
				TargetAttributes = {
					75C83A1D19E9046600636FB2 = {
						CreatedOnToolsVersion = 6.0;
					};
					75C83A3219E9046700636FB2 = {
						CreatedOnToolsVersion = 6.0;
						TestTargetID = 75C83A1D19E9046600636FB2;
					};
				};
			};
			buildConfigurationList = 75C83A1919E9046600636FB2 /* Build configuration list for PBXProject "Remote-Remote" */;
			compatibilityVersion = "Xcode 3.2";
			developmentRegion = English;
			hasScannedForEncodings = 0;
			knownRegions = (
				en,
				Base,
			);
			mainGroup = 75C83A1519E9046600636FB2;
			productRefGroup = 75C83A1F19E9046600636FB2 /* Products */;
			projectDirPath = "";
			projectRoot = "";
			targets = (
				75C83A1D19E9046600636FB2 /* Remote-Remote */,
				75C83A3219E9046700636FB2 /* Remote-RemoteTests */,
			);
		};
/* End PBXProject section */

/* Begin PBXResourcesBuildPhase section */
		75C83A1C19E9046600636FB2 /* Resources */ = {
			isa = PBXResourcesBuildPhase;
			buildActionMask = 2147483647;
			files = (
				75C83A2919E9046600636FB2 /* Main.storyboard in Resources */,
				75DF1FA31A0A2E67004A9646 /* AppIcon@2x.png in Resources */,
				75C83A2E19E9046600636FB2 /* LaunchScreen.xib in Resources */,
				75C83A2B19E9046600636FB2 /* Images.xcassets in Resources */,
			);
			runOnlyForDeploymentPostprocessing = 0;
		};
		75C83A3119E9046700636FB2 /* Resources */ = {
			isa = PBXResourcesBuildPhase;
			buildActionMask = 2147483647;
			files = (
			);
			runOnlyForDeploymentPostprocessing = 0;
		};
/* End PBXResourcesBuildPhase section */

/* Begin PBXSourcesBuildPhase section */
		75C83A1A19E9046600636FB2 /* Sources */ = {
			isa = PBXSourcesBuildPhase;
			buildActionMask = 2147483647;
			files = (
				75C83A2619E9046600636FB2 /* ViewController.swift in Sources */,
				75C83A2419E9046600636FB2 /* AppDelegate.swift in Sources */,
			);
			runOnlyForDeploymentPostprocessing = 0;
		};
		75C83A2F19E9046700636FB2 /* Sources */ = {
			isa = PBXSourcesBuildPhase;
			buildActionMask = 2147483647;
			files = (
				75C83A3A19E9046700636FB2 /* Remote_RemoteTests.swift in Sources */,
			);
			runOnlyForDeploymentPostprocessing = 0;
		};
/* End PBXSourcesBuildPhase section */

/* Begin PBXTargetDependency section */
		75C83A3519E9046700636FB2 /* PBXTargetDependency */ = {
			isa = PBXTargetDependency;
			target = 75C83A1D19E9046600636FB2 /* Remote-Remote */;
			targetProxy = 75C83A3419E9046700636FB2 /* PBXContainerItemProxy */;
		};
/* End PBXTargetDependency section */

/* Begin PBXVariantGroup section */
		75C83A2719E9046600636FB2 /* Main.storyboard */ = {
			isa = PBXVariantGroup;
			children = (
				75C83A2819E9046600636FB2 /* Base */,
			);
			name = Main.storyboard;
			sourceTree = "<group>";
		};
		75C83A2C19E9046600636FB2 /* LaunchScreen.xib */ = {
			isa = PBXVariantGroup;
			children = (
				75C83A2D19E9046600636FB2 /* Base */,
			);
			name = LaunchScreen.xib;
			sourceTree = "<group>";
		};
/* End PBXVariantGroup section */

/* Begin XCBuildConfiguration section */
		75C83A3B19E9046700636FB2 /* Debug */ = {
			isa = XCBuildConfiguration;
			buildSettings = {
				ALWAYS_SEARCH_USER_PATHS = NO;
				CLANG_CXX_LANGUAGE_STANDARD = "gnu++0x";
				CLANG_CXX_LIBRARY = "libc++";
				CLANG_ENABLE_MODULES = YES;
				CLANG_ENABLE_OBJC_ARC = YES;
				CLANG_WARN_BOOL_CONVERSION = YES;
				CLANG_WARN_CONSTANT_CONVERSION = YES;
				CLANG_WARN_DIRECT_OBJC_ISA_USAGE = YES_ERROR;
				CLANG_WARN_EMPTY_BODY = YES;
				CLANG_WARN_ENUM_CONVERSION = YES;
				CLANG_WARN_INT_CONVERSION = YES;
				CLANG_WARN_OBJC_ROOT_CLASS = YES_ERROR;
				CLANG_WARN_UNREACHABLE_CODE = YES;
				CLANG_WARN__DUPLICATE_METHOD_MATCH = YES;
				"CODE_SIGN_IDENTITY[sdk=iphoneos*]" = "iPhone Developer";
				COPY_PHASE_STRIP = NO;
				ENABLE_STRICT_OBJC_MSGSEND = YES;
				GCC_C_LANGUAGE_STANDARD = gnu99;
				GCC_DYNAMIC_NO_PIC = NO;
				GCC_OPTIMIZATION_LEVEL = 0;
				GCC_PREPROCESSOR_DEFINITIONS = (
					"DEBUG=1",
					"$(inherited)",
				);
				GCC_SYMBOLS_PRIVATE_EXTERN = NO;
				GCC_WARN_64_TO_32_BIT_CONVERSION = YES;
				GCC_WARN_ABOUT_RETURN_TYPE = YES_ERROR;
				GCC_WARN_UNDECLARED_SELECTOR = YES;
				GCC_WARN_UNINITIALIZED_AUTOS = YES_AGGRESSIVE;
				GCC_WARN_UNUSED_FUNCTION = YES;
				GCC_WARN_UNUSED_VARIABLE = YES;
				IPHONEOS_DEPLOYMENT_TARGET = 7.0;
				MTL_ENABLE_DEBUG_INFO = YES;
				ONLY_ACTIVE_ARCH = YES;
				SDKROOT = iphoneos;
				SWIFT_OPTIMIZATION_LEVEL = "-Onone";
			};
			name = Debug;
		};
		75C83A3C19E9046700636FB2 /* Release */ = {
			isa = XCBuildConfiguration;
			buildSettings = {
				ALWAYS_SEARCH_USER_PATHS = NO;
				CLANG_CXX_LANGUAGE_STANDARD = "gnu++0x";
				CLANG_CXX_LIBRARY = "libc++";
				CLANG_ENABLE_MODULES = YES;
				CLANG_ENABLE_OBJC_ARC = YES;
				CLANG_WARN_BOOL_CONVERSION = YES;
				CLANG_WARN_CONSTANT_CONVERSION = YES;
				CLANG_WARN_DIRECT_OBJC_ISA_USAGE = YES_ERROR;
				CLANG_WARN_EMPTY_BODY = YES;
				CLANG_WARN_ENUM_CONVERSION = YES;
				CLANG_WARN_INT_CONVERSION = YES;
				CLANG_WARN_OBJC_ROOT_CLASS = YES_ERROR;
				CLANG_WARN_UNREACHABLE_CODE = YES;
				CLANG_WARN__DUPLICATE_METHOD_MATCH = YES;
				"CODE_SIGN_IDENTITY[sdk=iphoneos*]" = "iPhone Developer";
				COPY_PHASE_STRIP = YES;
				ENABLE_NS_ASSERTIONS = NO;
				ENABLE_STRICT_OBJC_MSGSEND = YES;
				GCC_C_LANGUAGE_STANDARD = gnu99;
				GCC_WARN_64_TO_32_BIT_CONVERSION = YES;
				GCC_WARN_ABOUT_RETURN_TYPE = YES_ERROR;
				GCC_WARN_UNDECLARED_SELECTOR = YES;
				GCC_WARN_UNINITIALIZED_AUTOS = YES_AGGRESSIVE;
				GCC_WARN_UNUSED_FUNCTION = YES;
				GCC_WARN_UNUSED_VARIABLE = YES;
				IPHONEOS_DEPLOYMENT_TARGET = 7.0;
				MTL_ENABLE_DEBUG_INFO = NO;
				SDKROOT = iphoneos;
				VALIDATE_PRODUCT = YES;
			};
			name = Release;
		};
		75C83A3E19E9046700636FB2 /* Debug */ = {
			isa = XCBuildConfiguration;
			buildSettings = {
				ASSETCATALOG_COMPILER_APPICON_NAME = AppIcon;
				ASSETCATALOG_COMPILER_LAUNCHIMAGE_NAME = LaunchImage;
				INFOPLIST_FILE = "Remote-Remote/Info.plist";
				IPHONEOS_DEPLOYMENT_TARGET = 7.0;
				LD_RUNPATH_SEARCH_PATHS = "$(inherited) @executable_path/Frameworks";
				PRODUCT_NAME = "$(TARGET_NAME)";
			};
			name = Debug;
		};
		75C83A3F19E9046700636FB2 /* Release */ = {
			isa = XCBuildConfiguration;
			buildSettings = {
				ASSETCATALOG_COMPILER_APPICON_NAME = AppIcon;
				ASSETCATALOG_COMPILER_LAUNCHIMAGE_NAME = LaunchImage;
				INFOPLIST_FILE = "Remote-Remote/Info.plist";
				IPHONEOS_DEPLOYMENT_TARGET = 7.0;
				LD_RUNPATH_SEARCH_PATHS = "$(inherited) @executable_path/Frameworks";
				PRODUCT_NAME = "$(TARGET_NAME)";
			};
			name = Release;
		};
		75C83A4119E9046700636FB2 /* Debug */ = {
			isa = XCBuildConfiguration;
			buildSettings = {
				BUNDLE_LOADER = "$(TEST_HOST)";
				FRAMEWORK_SEARCH_PATHS = (
					"$(SDKROOT)/Developer/Library/Frameworks",
					"$(inherited)",
				);
				GCC_PREPROCESSOR_DEFINITIONS = (
					"DEBUG=1",
					"$(inherited)",
				);
				INFOPLIST_FILE = "Remote-RemoteTests/Info.plist";
				LD_RUNPATH_SEARCH_PATHS = "$(inherited) @executable_path/Frameworks @loader_path/Frameworks";
				PRODUCT_NAME = "$(TARGET_NAME)";
				TEST_HOST = "$(BUILT_PRODUCTS_DIR)/Remote-Remote.app/Remote-Remote";
			};
			name = Debug;
		};
		75C83A4219E9046700636FB2 /* Release */ = {
			isa = XCBuildConfiguration;
			buildSettings = {
				BUNDLE_LOADER = "$(TEST_HOST)";
				FRAMEWORK_SEARCH_PATHS = (
					"$(SDKROOT)/Developer/Library/Frameworks",
					"$(inherited)",
				);
				INFOPLIST_FILE = "Remote-RemoteTests/Info.plist";
				LD_RUNPATH_SEARCH_PATHS = "$(inherited) @executable_path/Frameworks @loader_path/Frameworks";
				PRODUCT_NAME = "$(TARGET_NAME)";
				TEST_HOST = "$(BUILT_PRODUCTS_DIR)/Remote-Remote.app/Remote-Remote";
			};
			name = Release;
		};
/* End XCBuildConfiguration section */

/* Begin XCConfigurationList section */
		75C83A1919E9046600636FB2 /* Build configuration list for PBXProject "Remote-Remote" */ = {
			isa = XCConfigurationList;
			buildConfigurations = (
				75C83A3B19E9046700636FB2 /* Debug */,
				75C83A3C19E9046700636FB2 /* Release */,
			);
			defaultConfigurationIsVisible = 0;
			defaultConfigurationName = Release;
		};
		75C83A3D19E9046700636FB2 /* Build configuration list for PBXNativeTarget "Remote-Remote" */ = {
			isa = XCConfigurationList;
			buildConfigurations = (
				75C83A3E19E9046700636FB2 /* Debug */,
				75C83A3F19E9046700636FB2 /* Release */,
			);
			defaultConfigurationIsVisible = 0;
			defaultConfigurationName = Release;
		};
		75C83A4019E9046700636FB2 /* Build configuration list for PBXNativeTarget "Remote-RemoteTests" */ = {
			isa = XCConfigurationList;
			buildConfigurations = (
				75C83A4119E9046700636FB2 /* Debug */,
				75C83A4219E9046700636FB2 /* Release */,
			);
			defaultConfigurationIsVisible = 0;
			defaultConfigurationName = Release;
		};
/* End XCConfigurationList section */
	};
	rootObject = 75C83A1619E9046600636FB2 /* Project object */;
}
