// !$*UTF8*$!
{
	archiveVersion = 1;
	classes = {
	};
	objectVersion = 46;
	objects = {

/* Begin PBXBuildFile section */
		75337E5D1A195F7900467592 /* AppDelegate.swift in Sources */ = {isa = PBXBuildFile; fileRef = 75337E5C1A195F7900467592 /* AppDelegate.swift */; };
		75337E5F1A195F7900467592 /* ViewController.swift in Sources */ = {isa = PBXBuildFile; fileRef = 75337E5E1A195F7900467592 /* ViewController.swift */; };
		75337E621A195F7900467592 /* Main.storyboard in Resources */ = {isa = PBXBuildFile; fileRef = 75337E601A195F7900467592 /* Main.storyboard */; };
		75337E641A195F7900467592 /* Images.xcassets in Resources */ = {isa = PBXBuildFile; fileRef = 75337E631A195F7900467592 /* Images.xcassets */; };
		75337E671A195F7900467592 /* LaunchScreen.xib in Resources */ = {isa = PBXBuildFile; fileRef = 75337E651A195F7900467592 /* LaunchScreen.xib */; };
		75337E731A195F7900467592 /* TimeSheetTests.swift in Sources */ = {isa = PBXBuildFile; fileRef = 75337E721A195F7900467592 /* TimeSheetTests.swift */; };
/* End PBXBuildFile section */

/* Begin PBXContainerItemProxy section */
		75337E6D1A195F7900467592 /* PBXContainerItemProxy */ = {
			isa = PBXContainerItemProxy;
			containerPortal = 75337E4F1A195F7800467592 /* Project object */;
			proxyType = 1;
			remoteGlobalIDString = 75337E561A195F7800467592;
			remoteInfo = TimeSheet;
		};
/* End PBXContainerItemProxy section */

/* Begin PBXFileReference section */
		75337E571A195F7900467592 /* TimeSheet.app */ = {isa = PBXFileReference; explicitFileType = wrapper.application; includeInIndex = 0; path = TimeSheet.app; sourceTree = BUILT_PRODUCTS_DIR; };
		75337E5B1A195F7900467592 /* Info.plist */ = {isa = PBXFileReference; lastKnownFileType = text.plist.xml; path = Info.plist; sourceTree = "<group>"; };
		75337E5C1A195F7900467592 /* AppDelegate.swift */ = {isa = PBXFileReference; lastKnownFileType = sourcecode.swift; path = AppDelegate.swift; sourceTree = "<group>"; };
		75337E5E1A195F7900467592 /* ViewController.swift */ = {isa = PBXFileReference; lastKnownFileType = sourcecode.swift; path = ViewController.swift; sourceTree = "<group>"; };
		75337E611A195F7900467592 /* Base */ = {isa = PBXFileReference; lastKnownFileType = file.storyboard; name = Base; path = Base.lproj/Main.storyboard; sourceTree = "<group>"; };
		75337E631A195F7900467592 /* Images.xcassets */ = {isa = PBXFileReference; lastKnownFileType = folder.assetcatalog; path = Images.xcassets; sourceTree = "<group>"; };
		75337E661A195F7900467592 /* Base */ = {isa = PBXFileReference; lastKnownFileType = file.xib; name = Base; path = Base.lproj/LaunchScreen.xib; sourceTree = "<group>"; };
		75337E6C1A195F7900467592 /* TimeSheetTests.xctest */ = {isa = PBXFileReference; explicitFileType = wrapper.cfbundle; includeInIndex = 0; path = TimeSheetTests.xctest; sourceTree = BUILT_PRODUCTS_DIR; };
		75337E711A195F7900467592 /* Info.plist */ = {isa = PBXFileReference; lastKnownFileType = text.plist.xml; path = Info.plist; sourceTree = "<group>"; };
		75337E721A195F7900467592 /* TimeSheetTests.swift */ = {isa = PBXFileReference; lastKnownFileType = sourcecode.swift; path = TimeSheetTests.swift; sourceTree = "<group>"; };
/* End PBXFileReference section */

/* Begin PBXFrameworksBuildPhase section */
		75337E541A195F7800467592 /* Frameworks */ = {
			isa = PBXFrameworksBuildPhase;
			buildActionMask = 2147483647;
			files = (
			);
			runOnlyForDeploymentPostprocessing = 0;
		};
		75337E691A195F7900467592 /* Frameworks */ = {
			isa = PBXFrameworksBuildPhase;
			buildActionMask = 2147483647;
			files = (
			);
			runOnlyForDeploymentPostprocessing = 0;
		};
/* End PBXFrameworksBuildPhase section */

/* Begin PBXGroup section */
		75337E4E1A195F7800467592 = {
			isa = PBXGroup;
			children = (
				75337E591A195F7900467592 /* TimeSheet */,
				75337E6F1A195F7900467592 /* TimeSheetTests */,
				75337E581A195F7900467592 /* Products */,
			);
			sourceTree = "<group>";
		};
		75337E581A195F7900467592 /* Products */ = {
			isa = PBXGroup;
			children = (
				75337E571A195F7900467592 /* TimeSheet.app */,
				75337E6C1A195F7900467592 /* TimeSheetTests.xctest */,
			);
			name = Products;
			sourceTree = "<group>";
		};
		75337E591A195F7900467592 /* TimeSheet */ = {
			isa = PBXGroup;
			children = (
				75337E5C1A195F7900467592 /* AppDelegate.swift */,
				75337E5E1A195F7900467592 /* ViewController.swift */,
				75337E601A195F7900467592 /* Main.storyboard */,
				75337E631A195F7900467592 /* Images.xcassets */,
				75337E651A195F7900467592 /* LaunchScreen.xib */,
				75337E5A1A195F7900467592 /* Supporting Files */,
			);
			path = TimeSheet;
			sourceTree = "<group>";
		};
		75337E5A1A195F7900467592 /* Supporting Files */ = {
			isa = PBXGroup;
			children = (
				75337E5B1A195F7900467592 /* Info.plist */,
			);
			name = "Supporting Files";
			sourceTree = "<group>";
		};
		75337E6F1A195F7900467592 /* TimeSheetTests */ = {
			isa = PBXGroup;
			children = (
				75337E721A195F7900467592 /* TimeSheetTests.swift */,
				75337E701A195F7900467592 /* Supporting Files */,
			);
			path = TimeSheetTests;
			sourceTree = "<group>";
		};
		75337E701A195F7900467592 /* Supporting Files */ = {
			isa = PBXGroup;
			children = (
				75337E711A195F7900467592 /* Info.plist */,
			);
			name = "Supporting Files";
			sourceTree = "<group>";
		};
/* End PBXGroup section */

/* Begin PBXNativeTarget section */
		75337E561A195F7800467592 /* TimeSheet */ = {
			isa = PBXNativeTarget;
			buildConfigurationList = 75337E761A195F7900467592 /* Build configuration list for PBXNativeTarget "TimeSheet" */;
			buildPhases = (
				75337E531A195F7800467592 /* Sources */,
				75337E541A195F7800467592 /* Frameworks */,
				75337E551A195F7800467592 /* Resources */,
			);
			buildRules = (
			);
			dependencies = (
			);
			name = TimeSheet;
			productName = TimeSheet;
			productReference = 75337E571A195F7900467592 /* TimeSheet.app */;
			productType = "com.apple.product-type.application";
		};
		75337E6B1A195F7900467592 /* TimeSheetTests */ = {
			isa = PBXNativeTarget;
			buildConfigurationList = 75337E791A195F7900467592 /* Build configuration list for PBXNativeTarget "TimeSheetTests" */;
			buildPhases = (
				75337E681A195F7900467592 /* Sources */,
				75337E691A195F7900467592 /* Frameworks */,
				75337E6A1A195F7900467592 /* Resources */,
			);
			buildRules = (
			);
			dependencies = (
				75337E6E1A195F7900467592 /* PBXTargetDependency */,
			);
			name = TimeSheetTests;
			productName = TimeSheetTests;
			productReference = 75337E6C1A195F7900467592 /* TimeSheetTests.xctest */;
			productType = "com.apple.product-type.bundle.unit-test";
		};
/* End PBXNativeTarget section */

/* Begin PBXProject section */
		75337E4F1A195F7800467592 /* Project object */ = {
			isa = PBXProject;
			attributes = {
				LastUpgradeCheck = 0610;
				ORGANIZATIONNAME = "Byron Coetsee";
				TargetAttributes = {
					75337E561A195F7800467592 = {
						CreatedOnToolsVersion = 6.1;
					};
					75337E6B1A195F7900467592 = {
						CreatedOnToolsVersion = 6.1;
						TestTargetID = 75337E561A195F7800467592;
					};
				};
			};
			buildConfigurationList = 75337E521A195F7800467592 /* Build configuration list for PBXProject "TimeSheet" */;
			compatibilityVersion = "Xcode 3.2";
			developmentRegion = English;
			hasScannedForEncodings = 0;
			knownRegions = (
				en,
				Base,
			);
			mainGroup = 75337E4E1A195F7800467592;
			productRefGroup = 75337E581A195F7900467592 /* Products */;
			projectDirPath = "";
			projectRoot = "";
			targets = (
				75337E561A195F7800467592 /* TimeSheet */,
				75337E6B1A195F7900467592 /* TimeSheetTests */,
			);
		};
/* End PBXProject section */

/* Begin PBXResourcesBuildPhase section */
		75337E551A195F7800467592 /* Resources */ = {
			isa = PBXResourcesBuildPhase;
			buildActionMask = 2147483647;
			files = (
				75337E621A195F7900467592 /* Main.storyboard in Resources */,
				75337E671A195F7900467592 /* LaunchScreen.xib in Resources */,
				75337E641A195F7900467592 /* Images.xcassets in Resources */,
			);
			runOnlyForDeploymentPostprocessing = 0;
		};
		75337E6A1A195F7900467592 /* Resources */ = {
			isa = PBXResourcesBuildPhase;
			buildActionMask = 2147483647;
			files = (
			);
			runOnlyForDeploymentPostprocessing = 0;
		};
/* End PBXResourcesBuildPhase section */

/* Begin PBXSourcesBuildPhase section */
		75337E531A195F7800467592 /* Sources */ = {
			isa = PBXSourcesBuildPhase;
			buildActionMask = 2147483647;
			files = (
				75337E5F1A195F7900467592 /* ViewController.swift in Sources */,
				75337E5D1A195F7900467592 /* AppDelegate.swift in Sources */,
			);
			runOnlyForDeploymentPostprocessing = 0;
		};
		75337E681A195F7900467592 /* Sources */ = {
			isa = PBXSourcesBuildPhase;
			buildActionMask = 2147483647;
			files = (
				75337E731A195F7900467592 /* TimeSheetTests.swift in Sources */,
			);
			runOnlyForDeploymentPostprocessing = 0;
		};
/* End PBXSourcesBuildPhase section */

/* Begin PBXTargetDependency section */
		75337E6E1A195F7900467592 /* PBXTargetDependency */ = {
			isa = PBXTargetDependency;
			target = 75337E561A195F7800467592 /* TimeSheet */;
			targetProxy = 75337E6D1A195F7900467592 /* PBXContainerItemProxy */;
		};
/* End PBXTargetDependency section */

/* Begin PBXVariantGroup section */
		75337E601A195F7900467592 /* Main.storyboard */ = {
			isa = PBXVariantGroup;
			children = (
				75337E611A195F7900467592 /* Base */,
			);
			name = Main.storyboard;
			sourceTree = "<group>";
		};
		75337E651A195F7900467592 /* LaunchScreen.xib */ = {
			isa = PBXVariantGroup;
			children = (
				75337E661A195F7900467592 /* Base */,
			);
			name = LaunchScreen.xib;
			sourceTree = "<group>";
		};
/* End PBXVariantGroup section */

/* Begin XCBuildConfiguration section */
		75337E741A195F7900467592 /* Debug */ = {
			isa = XCBuildConfiguration;
			buildSettings = {
				ALWAYS_SEARCH_USER_PATHS = NO;
				CLANG_CXX_LANGUAGE_STANDARD = "gnu++0x";
				CLANG_CXX_LIBRARY = "libc++";
				CLANG_ENABLE_MODULES = YES;
				CLANG_ENABLE_OBJC_ARC = YES;
				CLANG_WARN_BOOL_CONVERSION = YES;
				CLANG_WARN_CONSTANT_CONVERSION = YES;
				CLANG_WARN_DIRECT_OBJC_ISA_USAGE = YES_ERROR;
				CLANG_WARN_EMPTY_BODY = YES;
				CLANG_WARN_ENUM_CONVERSION = YES;
				CLANG_WARN_INT_CONVERSION = YES;
				CLANG_WARN_OBJC_ROOT_CLASS = YES_ERROR;
				CLANG_WARN_UNREACHABLE_CODE = YES;
				CLANG_WARN__DUPLICATE_METHOD_MATCH = YES;
				"CODE_SIGN_IDENTITY[sdk=iphoneos*]" = "iPhone Developer";
				COPY_PHASE_STRIP = NO;
				ENABLE_STRICT_OBJC_MSGSEND = YES;
				GCC_C_LANGUAGE_STANDARD = gnu99;
				GCC_DYNAMIC_NO_PIC = NO;
				GCC_OPTIMIZATION_LEVEL = 0;
				GCC_PREPROCESSOR_DEFINITIONS = (
					"DEBUG=1",
					"$(inherited)",
				);
				GCC_SYMBOLS_PRIVATE_EXTERN = NO;
				GCC_WARN_64_TO_32_BIT_CONVERSION = YES;
				GCC_WARN_ABOUT_RETURN_TYPE = YES_ERROR;
				GCC_WARN_UNDECLARED_SELECTOR = YES;
				GCC_WARN_UNINITIALIZED_AUTOS = YES_AGGRESSIVE;
				GCC_WARN_UNUSED_FUNCTION = YES;
				GCC_WARN_UNUSED_VARIABLE = YES;
				IPHONEOS_DEPLOYMENT_TARGET = 8.1;
				MTL_ENABLE_DEBUG_INFO = YES;
				ONLY_ACTIVE_ARCH = YES;
				SDKROOT = iphoneos;
				SWIFT_OPTIMIZATION_LEVEL = "-Onone";
			};
			name = Debug;
		};
		75337E751A195F7900467592 /* Release */ = {
			isa = XCBuildConfiguration;
			buildSettings = {
				ALWAYS_SEARCH_USER_PATHS = NO;
				CLANG_CXX_LANGUAGE_STANDARD = "gnu++0x";
				CLANG_CXX_LIBRARY = "libc++";
				CLANG_ENABLE_MODULES = YES;
				CLANG_ENABLE_OBJC_ARC = YES;
				CLANG_WARN_BOOL_CONVERSION = YES;
				CLANG_WARN_CONSTANT_CONVERSION = YES;
				CLANG_WARN_DIRECT_OBJC_ISA_USAGE = YES_ERROR;
				CLANG_WARN_EMPTY_BODY = YES;
				CLANG_WARN_ENUM_CONVERSION = YES;
				CLANG_WARN_INT_CONVERSION = YES;
				CLANG_WARN_OBJC_ROOT_CLASS = YES_ERROR;
				CLANG_WARN_UNREACHABLE_CODE = YES;
				CLANG_WARN__DUPLICATE_METHOD_MATCH = YES;
				"CODE_SIGN_IDENTITY[sdk=iphoneos*]" = "iPhone Developer";
				COPY_PHASE_STRIP = YES;
				ENABLE_NS_ASSERTIONS = NO;
				ENABLE_STRICT_OBJC_MSGSEND = YES;
				GCC_C_LANGUAGE_STANDARD = gnu99;
				GCC_WARN_64_TO_32_BIT_CONVERSION = YES;
				GCC_WARN_ABOUT_RETURN_TYPE = YES_ERROR;
				GCC_WARN_UNDECLARED_SELECTOR = YES;
				GCC_WARN_UNINITIALIZED_AUTOS = YES_AGGRESSIVE;
				GCC_WARN_UNUSED_FUNCTION = YES;
				GCC_WARN_UNUSED_VARIABLE = YES;
				IPHONEOS_DEPLOYMENT_TARGET = 8.1;
				MTL_ENABLE_DEBUG_INFO = NO;
				SDKROOT = iphoneos;
				VALIDATE_PRODUCT = YES;
			};
			name = Release;
		};
		75337E771A195F7900467592 /* Debug */ = {
			isa = XCBuildConfiguration;
			buildSettings = {
				ASSETCATALOG_COMPILER_APPICON_NAME = AppIcon;
				INFOPLIST_FILE = TimeSheet/Info.plist;
				LD_RUNPATH_SEARCH_PATHS = "$(inherited) @executable_path/Frameworks";
				PRODUCT_NAME = "$(TARGET_NAME)";
			};
			name = Debug;
		};
		75337E781A195F7900467592 /* Release */ = {
			isa = XCBuildConfiguration;
			buildSettings = {
				ASSETCATALOG_COMPILER_APPICON_NAME = AppIcon;
				INFOPLIST_FILE = TimeSheet/Info.plist;
				LD_RUNPATH_SEARCH_PATHS = "$(inherited) @executable_path/Frameworks";
				PRODUCT_NAME = "$(TARGET_NAME)";
			};
			name = Release;
		};
		75337E7A1A195F7900467592 /* Debug */ = {
			isa = XCBuildConfiguration;
			buildSettings = {
				BUNDLE_LOADER = "$(TEST_HOST)";
				FRAMEWORK_SEARCH_PATHS = (
					"$(SDKROOT)/Developer/Library/Frameworks",
					"$(inherited)",
				);
				GCC_PREPROCESSOR_DEFINITIONS = (
					"DEBUG=1",
					"$(inherited)",
				);
				INFOPLIST_FILE = TimeSheetTests/Info.plist;
				LD_RUNPATH_SEARCH_PATHS = "$(inherited) @executable_path/Frameworks @loader_path/Frameworks";
				PRODUCT_NAME = "$(TARGET_NAME)";
				TEST_HOST = "$(BUILT_PRODUCTS_DIR)/TimeSheet.app/TimeSheet";
			};
			name = Debug;
		};
		75337E7B1A195F7900467592 /* Release */ = {
			isa = XCBuildConfiguration;
			buildSettings = {
				BUNDLE_LOADER = "$(TEST_HOST)";
				FRAMEWORK_SEARCH_PATHS = (
					"$(SDKROOT)/Developer/Library/Frameworks",
					"$(inherited)",
				);
				INFOPLIST_FILE = TimeSheetTests/Info.plist;
				LD_RUNPATH_SEARCH_PATHS = "$(inherited) @executable_path/Frameworks @loader_path/Frameworks";
				PRODUCT_NAME = "$(TARGET_NAME)";
				TEST_HOST = "$(BUILT_PRODUCTS_DIR)/TimeSheet.app/TimeSheet";
			};
			name = Release;
		};
/* End XCBuildConfiguration section */

/* Begin XCConfigurationList section */
		75337E521A195F7800467592 /* Build configuration list for PBXProject "TimeSheet" */ = {
			isa = XCConfigurationList;
			buildConfigurations = (
				75337E741A195F7900467592 /* Debug */,
				75337E751A195F7900467592 /* Release */,
			);
			defaultConfigurationIsVisible = 0;
			defaultConfigurationName = Release;
		};
		75337E761A195F7900467592 /* Build configuration list for PBXNativeTarget "TimeSheet" */ = {
			isa = XCConfigurationList;
			buildConfigurations = (
				75337E771A195F7900467592 /* Debug */,
				75337E781A195F7900467592 /* Release */,
			);
			defaultConfigurationIsVisible = 0;
		};
		75337E791A195F7900467592 /* Build configuration list for PBXNativeTarget "TimeSheetTests" */ = {
			isa = XCConfigurationList;
			buildConfigurations = (
				75337E7A1A195F7900467592 /* Debug */,
				75337E7B1A195F7900467592 /* Release */,
			);
			defaultConfigurationIsVisible = 0;
		};
/* End XCConfigurationList section */
	};
	rootObject = 75337E4F1A195F7800467592 /* Project object */;
}
