// !$*UTF8*$!
{
	archiveVersion = 1;
	classes = {
	};
	objectVersion = 46;
	objects = {

/* Begin PBXBuildFile section */
		7516814819FAC7EC00FD849C /* AppDelegate.swift in Sources */ = {isa = PBXBuildFile; fileRef = 7516814719FAC7EC00FD849C /* AppDelegate.swift */; };
		7516814A19FAC7EC00FD849C /* LoginViewController.swift in Sources */ = {isa = PBXBuildFile; fileRef = 7516814919FAC7EC00FD849C /* LoginViewController.swift */; };
		7516814D19FAC7EC00FD849C /* Main.storyboard in Resources */ = {isa = PBXBuildFile; fileRef = 7516814B19FAC7EC00FD849C /* Main.storyboard */; };
		7516814F19FAC7EC00FD849C /* Images.xcassets in Resources */ = {isa = PBXBuildFile; fileRef = 7516814E19FAC7EC00FD849C /* Images.xcassets */; };
		7516815219FAC7EC00FD849C /* LaunchScreen.xib in Resources */ = {isa = PBXBuildFile; fileRef = 7516815019FAC7EC00FD849C /* LaunchScreen.xib */; };
		7516815E19FAC7EC00FD849C /* UndergroundTests.swift in Sources */ = {isa = PBXBuildFile; fileRef = 7516815D19FAC7EC00FD849C /* UndergroundTests.swift */; };
		7516816819FACA5900FD849C /* background@2x.png in Resources */ = {isa = PBXBuildFile; fileRef = 7516816719FACA5900FD849C /* background@2x.png */; };
		7516816A19FACA6300FD849C /* backgroundBlank@2x.png in Resources */ = {isa = PBXBuildFile; fileRef = 7516816919FACA6300FD849C /* backgroundBlank@2x.png */; };
		7516816C19FACD6800FD849C /* AudioToolbox.framework in Frameworks */ = {isa = PBXBuildFile; fileRef = 7516816B19FACD6800FD849C /* AudioToolbox.framework */; };
		7516816E19FACD7400FD849C /* CFNetwork.framework in Frameworks */ = {isa = PBXBuildFile; fileRef = 7516816D19FACD7400FD849C /* CFNetwork.framework */; };
		7516817019FACD7C00FD849C /* CoreGraphics.framework in Frameworks */ = {isa = PBXBuildFile; fileRef = 7516816F19FACD7C00FD849C /* CoreGraphics.framework */; };
		7516817219FACD8500FD849C /* CoreLocation.framework in Frameworks */ = {isa = PBXBuildFile; fileRef = 7516817119FACD8500FD849C /* CoreLocation.framework */; };
		7516817419FACD9200FD849C /* libz.dylib in Frameworks */ = {isa = PBXBuildFile; fileRef = 7516817319FACD9200FD849C /* libz.dylib */; };
		7516817619FACD9B00FD849C /* MobileCoreServices.framework in Frameworks */ = {isa = PBXBuildFile; fileRef = 7516817519FACD9B00FD849C /* MobileCoreServices.framework */; };
		7516817819FACDA900FD849C /* QuartzCore.framework in Frameworks */ = {isa = PBXBuildFile; fileRef = 7516817719FACDA900FD849C /* QuartzCore.framework */; };
		7516817A19FACDB100FD849C /* Security.framework in Frameworks */ = {isa = PBXBuildFile; fileRef = 7516817919FACDB100FD849C /* Security.framework */; };
		7516817C19FACDBA00FD849C /* StoreKit.framework in Frameworks */ = {isa = PBXBuildFile; fileRef = 7516817B19FACDBA00FD849C /* StoreKit.framework */; };
		7516817E19FACDC700FD849C /* SystemConfiguration.framework in Frameworks */ = {isa = PBXBuildFile; fileRef = 7516817D19FACDC700FD849C /* SystemConfiguration.framework */; };
		7516818019FACDEB00FD849C /* Parse.framework in Frameworks */ = {isa = PBXBuildFile; fileRef = 7516817F19FACDEB00FD849C /* Parse.framework */; };
		7516818319FACE6E00FD849C /* ParseBridge.m in Sources */ = {isa = PBXBuildFile; fileRef = 7516818219FACE6E00FD849C /* ParseBridge.m */; };
		7516818519FADC8500FD849C /* Bolts.framework in Frameworks */ = {isa = PBXBuildFile; fileRef = 7516818419FADC8500FD849C /* Bolts.framework */; };
		7516818719FAE09600FD849C /* SignupViewController.swift in Sources */ = {isa = PBXBuildFile; fileRef = 7516818619FAE09600FD849C /* SignupViewController.swift */; };
		7516818919FAE0A800FD849C /* MainViewController.swift in Sources */ = {isa = PBXBuildFile; fileRef = 7516818819FAE0A800FD849C /* MainViewController.swift */; };
		7516818D19FCE51800FD849C /* MapViewController.swift in Sources */ = {isa = PBXBuildFile; fileRef = 7516818C19FCE51800FD849C /* MapViewController.swift */; };
		7516818F19FCE7E800FD849C /* Global.swift in Sources */ = {isa = PBXBuildFile; fileRef = 7516818E19FCE7E800FD849C /* Global.swift */; };
		7516819119FCEAB700FD849C /* Racer@2x.png in Resources */ = {isa = PBXBuildFile; fileRef = 7516819019FCEAB700FD849C /* Racer@2x.png */; };
/* End PBXBuildFile section */

/* Begin PBXContainerItemProxy section */
		7516815819FAC7EC00FD849C /* PBXContainerItemProxy */ = {
			isa = PBXContainerItemProxy;
			containerPortal = 7516813A19FAC7EC00FD849C /* Project object */;
			proxyType = 1;
			remoteGlobalIDString = 7516814119FAC7EC00FD849C;
			remoteInfo = Underground;
		};
/* End PBXContainerItemProxy section */

/* Begin PBXFileReference section */
		7516814219FAC7EC00FD849C /* Underground.app */ = {isa = PBXFileReference; explicitFileType = wrapper.application; includeInIndex = 0; path = Underground.app; sourceTree = BUILT_PRODUCTS_DIR; };
		7516814619FAC7EC00FD849C /* Info.plist */ = {isa = PBXFileReference; lastKnownFileType = text.plist.xml; path = Info.plist; sourceTree = "<group>"; };
		7516814719FAC7EC00FD849C /* AppDelegate.swift */ = {isa = PBXFileReference; lastKnownFileType = sourcecode.swift; path = AppDelegate.swift; sourceTree = "<group>"; };
		7516814919FAC7EC00FD849C /* LoginViewController.swift */ = {isa = PBXFileReference; lastKnownFileType = sourcecode.swift; path = LoginViewController.swift; sourceTree = "<group>"; };
		7516814C19FAC7EC00FD849C /* Base */ = {isa = PBXFileReference; lastKnownFileType = file.storyboard; name = Base; path = Base.lproj/Main.storyboard; sourceTree = "<group>"; };
		7516814E19FAC7EC00FD849C /* Images.xcassets */ = {isa = PBXFileReference; lastKnownFileType = folder.assetcatalog; path = Images.xcassets; sourceTree = "<group>"; };
		7516815119FAC7EC00FD849C /* Base */ = {isa = PBXFileReference; lastKnownFileType = file.xib; name = Base; path = Base.lproj/LaunchScreen.xib; sourceTree = "<group>"; };
		7516815719FAC7EC00FD849C /* UndergroundTests.xctest */ = {isa = PBXFileReference; explicitFileType = wrapper.cfbundle; includeInIndex = 0; path = UndergroundTests.xctest; sourceTree = BUILT_PRODUCTS_DIR; };
		7516815C19FAC7EC00FD849C /* Info.plist */ = {isa = PBXFileReference; lastKnownFileType = text.plist.xml; path = Info.plist; sourceTree = "<group>"; };
		7516815D19FAC7EC00FD849C /* UndergroundTests.swift */ = {isa = PBXFileReference; lastKnownFileType = sourcecode.swift; path = UndergroundTests.swift; sourceTree = "<group>"; };
		7516816719FACA5900FD849C /* background@2x.png */ = {isa = PBXFileReference; lastKnownFileType = image.png; name = "background@2x.png"; path = "Images/background@2x.png"; sourceTree = "<group>"; };
		7516816919FACA6300FD849C /* backgroundBlank@2x.png */ = {isa = PBXFileReference; lastKnownFileType = image.png; name = "backgroundBlank@2x.png"; path = "Images/backgroundBlank@2x.png"; sourceTree = "<group>"; };
		7516816B19FACD6800FD849C /* AudioToolbox.framework */ = {isa = PBXFileReference; lastKnownFileType = wrapper.framework; name = AudioToolbox.framework; path = System/Library/Frameworks/AudioToolbox.framework; sourceTree = SDKROOT; };
		7516816D19FACD7400FD849C /* CFNetwork.framework */ = {isa = PBXFileReference; lastKnownFileType = wrapper.framework; name = CFNetwork.framework; path = System/Library/Frameworks/CFNetwork.framework; sourceTree = SDKROOT; };
		7516816F19FACD7C00FD849C /* CoreGraphics.framework */ = {isa = PBXFileReference; lastKnownFileType = wrapper.framework; name = CoreGraphics.framework; path = System/Library/Frameworks/CoreGraphics.framework; sourceTree = SDKROOT; };
		7516817119FACD8500FD849C /* CoreLocation.framework */ = {isa = PBXFileReference; lastKnownFileType = wrapper.framework; name = CoreLocation.framework; path = System/Library/Frameworks/CoreLocation.framework; sourceTree = SDKROOT; };
		7516817319FACD9200FD849C /* libz.dylib */ = {isa = PBXFileReference; lastKnownFileType = "compiled.mach-o.dylib"; name = libz.dylib; path = usr/lib/libz.dylib; sourceTree = SDKROOT; };
		7516817519FACD9B00FD849C /* MobileCoreServices.framework */ = {isa = PBXFileReference; lastKnownFileType = wrapper.framework; name = MobileCoreServices.framework; path = System/Library/Frameworks/MobileCoreServices.framework; sourceTree = SDKROOT; };
		7516817719FACDA900FD849C /* QuartzCore.framework */ = {isa = PBXFileReference; lastKnownFileType = wrapper.framework; name = QuartzCore.framework; path = System/Library/Frameworks/QuartzCore.framework; sourceTree = SDKROOT; };
		7516817919FACDB100FD849C /* Security.framework */ = {isa = PBXFileReference; lastKnownFileType = wrapper.framework; name = Security.framework; path = System/Library/Frameworks/Security.framework; sourceTree = SDKROOT; };
		7516817B19FACDBA00FD849C /* StoreKit.framework */ = {isa = PBXFileReference; lastKnownFileType = wrapper.framework; name = StoreKit.framework; path = System/Library/Frameworks/StoreKit.framework; sourceTree = SDKROOT; };
		7516817D19FACDC700FD849C /* SystemConfiguration.framework */ = {isa = PBXFileReference; lastKnownFileType = wrapper.framework; name = SystemConfiguration.framework; path = System/Library/Frameworks/SystemConfiguration.framework; sourceTree = SDKROOT; };
		7516817F19FACDEB00FD849C /* Parse.framework */ = {isa = PBXFileReference; lastKnownFileType = wrapper.framework; name = Parse.framework; path = "parse-library-1.4.2/Parse.framework"; sourceTree = "<group>"; };
		7516818119FACE6D00FD849C /* Underground-Bridging-Header.h */ = {isa = PBXFileReference; lastKnownFileType = sourcecode.c.h; path = "Underground-Bridging-Header.h"; sourceTree = "<group>"; };
		7516818219FACE6E00FD849C /* ParseBridge.m */ = {isa = PBXFileReference; fileEncoding = 4; lastKnownFileType = sourcecode.c.objc; path = ParseBridge.m; sourceTree = "<group>"; };
		7516818419FADC8500FD849C /* Bolts.framework */ = {isa = PBXFileReference; lastKnownFileType = wrapper.framework; name = Bolts.framework; path = "parse-library-1.4.2/Bolts.framework"; sourceTree = "<group>"; };
		7516818619FAE09600FD849C /* SignupViewController.swift */ = {isa = PBXFileReference; fileEncoding = 4; lastKnownFileType = sourcecode.swift; path = SignupViewController.swift; sourceTree = "<group>"; };
		7516818819FAE0A800FD849C /* MainViewController.swift */ = {isa = PBXFileReference; fileEncoding = 4; lastKnownFileType = sourcecode.swift; path = MainViewController.swift; sourceTree = "<group>"; };
		7516818C19FCE51800FD849C /* MapViewController.swift */ = {isa = PBXFileReference; fileEncoding = 4; lastKnownFileType = sourcecode.swift; path = MapViewController.swift; sourceTree = "<group>"; };
		7516818E19FCE7E800FD849C /* Global.swift */ = {isa = PBXFileReference; fileEncoding = 4; lastKnownFileType = sourcecode.swift; path = Global.swift; sourceTree = "<group>"; };
		7516819019FCEAB700FD849C /* Racer@2x.png */ = {isa = PBXFileReference; lastKnownFileType = image.png; name = "Racer@2x.png"; path = "Images/Racer@2x.png"; sourceTree = "<group>"; };
/* End PBXFileReference section */

/* Begin PBXFrameworksBuildPhase section */
		7516813F19FAC7EC00FD849C /* Frameworks */ = {
			isa = PBXFrameworksBuildPhase;
			buildActionMask = 2147483647;
			files = (
				7516817E19FACDC700FD849C /* SystemConfiguration.framework in Frameworks */,
				7516817C19FACDBA00FD849C /* StoreKit.framework in Frameworks */,
				7516817A19FACDB100FD849C /* Security.framework in Frameworks */,
				7516818519FADC8500FD849C /* Bolts.framework in Frameworks */,
				7516817819FACDA900FD849C /* QuartzCore.framework in Frameworks */,
				7516817619FACD9B00FD849C /* MobileCoreServices.framework in Frameworks */,
				7516817419FACD9200FD849C /* libz.dylib in Frameworks */,
				7516818019FACDEB00FD849C /* Parse.framework in Frameworks */,
				7516817219FACD8500FD849C /* CoreLocation.framework in Frameworks */,
				7516817019FACD7C00FD849C /* CoreGraphics.framework in Frameworks */,
				7516816E19FACD7400FD849C /* CFNetwork.framework in Frameworks */,
				7516816C19FACD6800FD849C /* AudioToolbox.framework in Frameworks */,
			);
			runOnlyForDeploymentPostprocessing = 0;
		};
		7516815419FAC7EC00FD849C /* Frameworks */ = {
			isa = PBXFrameworksBuildPhase;
			buildActionMask = 2147483647;
			files = (
			);
			runOnlyForDeploymentPostprocessing = 0;
		};
/* End PBXFrameworksBuildPhase section */

/* Begin PBXGroup section */
		7516813919FAC7EC00FD849C = {
			isa = PBXGroup;
			children = (
				7516818219FACE6E00FD849C /* ParseBridge.m */,
				7516818419FADC8500FD849C /* Bolts.framework */,
				7516817F19FACDEB00FD849C /* Parse.framework */,
				7516817D19FACDC700FD849C /* SystemConfiguration.framework */,
				7516817B19FACDBA00FD849C /* StoreKit.framework */,
				7516817919FACDB100FD849C /* Security.framework */,
				7516817719FACDA900FD849C /* QuartzCore.framework */,
				7516817519FACD9B00FD849C /* MobileCoreServices.framework */,
				7516817319FACD9200FD849C /* libz.dylib */,
				7516817119FACD8500FD849C /* CoreLocation.framework */,
				7516816F19FACD7C00FD849C /* CoreGraphics.framework */,
				7516816D19FACD7400FD849C /* CFNetwork.framework */,
				7516816B19FACD6800FD849C /* AudioToolbox.framework */,
				7516816719FACA5900FD849C /* background@2x.png */,
				7516816919FACA6300FD849C /* backgroundBlank@2x.png */,
				7516819019FCEAB700FD849C /* Racer@2x.png */,
				7516814419FAC7EC00FD849C /* Underground */,
				7516814519FAC7EC00FD849C /* Supporting Files */,
				7516815A19FAC7EC00FD849C /* UndergroundTests */,
				7516814319FAC7EC00FD849C /* Products */,
				7516818119FACE6D00FD849C /* Underground-Bridging-Header.h */,
			);
			sourceTree = "<group>";
		};
		7516814319FAC7EC00FD849C /* Products */ = {
			isa = PBXGroup;
			children = (
				7516814219FAC7EC00FD849C /* Underground.app */,
				7516815719FAC7EC00FD849C /* UndergroundTests.xctest */,
			);
			name = Products;
			sourceTree = "<group>";
		};
		7516814419FAC7EC00FD849C /* Underground */ = {
			isa = PBXGroup;
			children = (
				7516814719FAC7EC00FD849C /* AppDelegate.swift */,
				7516814919FAC7EC00FD849C /* LoginViewController.swift */,
				7516814B19FAC7EC00FD849C /* Main.storyboard */,
				7516814E19FAC7EC00FD849C /* Images.xcassets */,
				7516815019FAC7EC00FD849C /* LaunchScreen.xib */,
				7516818619FAE09600FD849C /* SignupViewController.swift */,
				7516818819FAE0A800FD849C /* MainViewController.swift */,
				7516818C19FCE51800FD849C /* MapViewController.swift */,
				7516818E19FCE7E800FD849C /* Global.swift */,
			);
			path = Underground;
			sourceTree = "<group>";
		};
		7516814519FAC7EC00FD849C /* Supporting Files */ = {
			isa = PBXGroup;
			children = (
				7516814619FAC7EC00FD849C /* Info.plist */,
			);
			name = "Supporting Files";
			path = Underground;
			sourceTree = "<group>";
		};
		7516815A19FAC7EC00FD849C /* UndergroundTests */ = {
			isa = PBXGroup;
			children = (
				7516815D19FAC7EC00FD849C /* UndergroundTests.swift */,
				7516815B19FAC7EC00FD849C /* Supporting Files */,
			);
			path = UndergroundTests;
			sourceTree = "<group>";
		};
		7516815B19FAC7EC00FD849C /* Supporting Files */ = {
			isa = PBXGroup;
			children = (
				7516815C19FAC7EC00FD849C /* Info.plist */,
			);
			name = "Supporting Files";
			sourceTree = "<group>";
		};
/* End PBXGroup section */

/* Begin PBXNativeTarget section */
		7516814119FAC7EC00FD849C /* Underground */ = {
			isa = PBXNativeTarget;
			buildConfigurationList = 7516816119FAC7EC00FD849C /* Build configuration list for PBXNativeTarget "Underground" */;
			buildPhases = (
				7516813E19FAC7EC00FD849C /* Sources */,
				7516813F19FAC7EC00FD849C /* Frameworks */,
				7516814019FAC7EC00FD849C /* Resources */,
			);
			buildRules = (
			);
			dependencies = (
			);
			name = Underground;
			productName = Underground;
			productReference = 7516814219FAC7EC00FD849C /* Underground.app */;
			productType = "com.apple.product-type.application";
		};
		7516815619FAC7EC00FD849C /* UndergroundTests */ = {
			isa = PBXNativeTarget;
			buildConfigurationList = 7516816419FAC7EC00FD849C /* Build configuration list for PBXNativeTarget "UndergroundTests" */;
			buildPhases = (
				7516815319FAC7EC00FD849C /* Sources */,
				7516815419FAC7EC00FD849C /* Frameworks */,
				7516815519FAC7EC00FD849C /* Resources */,
			);
			buildRules = (
			);
			dependencies = (
				7516815919FAC7EC00FD849C /* PBXTargetDependency */,
			);
			name = UndergroundTests;
			productName = UndergroundTests;
			productReference = 7516815719FAC7EC00FD849C /* UndergroundTests.xctest */;
			productType = "com.apple.product-type.bundle.unit-test";
		};
/* End PBXNativeTarget section */

/* Begin PBXProject section */
		7516813A19FAC7EC00FD849C /* Project object */ = {
			isa = PBXProject;
			attributes = {
				LastUpgradeCheck = 0600;
				ORGANIZATIONNAME = "Byron Coetsee";
				TargetAttributes = {
					7516814119FAC7EC00FD849C = {
						CreatedOnToolsVersion = 6.0;
						DevelopmentTeam = 7A6ZJ37YMY;
					};
					7516815619FAC7EC00FD849C = {
						CreatedOnToolsVersion = 6.0;
						TestTargetID = 7516814119FAC7EC00FD849C;
					};
				};
			};
			buildConfigurationList = 7516813D19FAC7EC00FD849C /* Build configuration list for PBXProject "Underground" */;
			compatibilityVersion = "Xcode 3.2";
			developmentRegion = English;
			hasScannedForEncodings = 0;
			knownRegions = (
				en,
				Base,
			);
			mainGroup = 7516813919FAC7EC00FD849C;
			productRefGroup = 7516814319FAC7EC00FD849C /* Products */;
			projectDirPath = "";
			projectRoot = "";
			targets = (
				7516814119FAC7EC00FD849C /* Underground */,
				7516815619FAC7EC00FD849C /* UndergroundTests */,
			);
		};
/* End PBXProject section */

/* Begin PBXResourcesBuildPhase section */
		7516814019FAC7EC00FD849C /* Resources */ = {
			isa = PBXResourcesBuildPhase;
			buildActionMask = 2147483647;
			files = (
				7516814D19FAC7EC00FD849C /* Main.storyboard in Resources */,
				7516815219FAC7EC00FD849C /* LaunchScreen.xib in Resources */,
				7516816819FACA5900FD849C /* background@2x.png in Resources */,
				7516816A19FACA6300FD849C /* backgroundBlank@2x.png in Resources */,
				7516819119FCEAB700FD849C /* Racer@2x.png in Resources */,
				7516814F19FAC7EC00FD849C /* Images.xcassets in Resources */,
			);
			runOnlyForDeploymentPostprocessing = 0;
		};
		7516815519FAC7EC00FD849C /* Resources */ = {
			isa = PBXResourcesBuildPhase;
			buildActionMask = 2147483647;
			files = (
			);
			runOnlyForDeploymentPostprocessing = 0;
		};
/* End PBXResourcesBuildPhase section */

/* Begin PBXSourcesBuildPhase section */
		7516813E19FAC7EC00FD849C /* Sources */ = {
			isa = PBXSourcesBuildPhase;
			buildActionMask = 2147483647;
			files = (
				7516814A19FAC7EC00FD849C /* LoginViewController.swift in Sources */,
				7516818319FACE6E00FD849C /* ParseBridge.m in Sources */,
				7516818719FAE09600FD849C /* SignupViewController.swift in Sources */,
				7516814819FAC7EC00FD849C /* AppDelegate.swift in Sources */,
				7516818919FAE0A800FD849C /* MainViewController.swift in Sources */,
				7516818D19FCE51800FD849C /* MapViewController.swift in Sources */,
				7516818F19FCE7E800FD849C /* Global.swift in Sources */,
			);
			runOnlyForDeploymentPostprocessing = 0;
		};
		7516815319FAC7EC00FD849C /* Sources */ = {
			isa = PBXSourcesBuildPhase;
			buildActionMask = 2147483647;
			files = (
				7516815E19FAC7EC00FD849C /* UndergroundTests.swift in Sources */,
			);
			runOnlyForDeploymentPostprocessing = 0;
		};
/* End PBXSourcesBuildPhase section */

/* Begin PBXTargetDependency section */
		7516815919FAC7EC00FD849C /* PBXTargetDependency */ = {
			isa = PBXTargetDependency;
			target = 7516814119FAC7EC00FD849C /* Underground */;
			targetProxy = 7516815819FAC7EC00FD849C /* PBXContainerItemProxy */;
		};
/* End PBXTargetDependency section */

/* Begin PBXVariantGroup section */
		7516814B19FAC7EC00FD849C /* Main.storyboard */ = {
			isa = PBXVariantGroup;
			children = (
				7516814C19FAC7EC00FD849C /* Base */,
			);
			name = Main.storyboard;
			sourceTree = "<group>";
		};
		7516815019FAC7EC00FD849C /* LaunchScreen.xib */ = {
			isa = PBXVariantGroup;
			children = (
				7516815119FAC7EC00FD849C /* Base */,
			);
			name = LaunchScreen.xib;
			sourceTree = "<group>";
		};
/* End PBXVariantGroup section */

/* Begin XCBuildConfiguration section */
		7516815F19FAC7EC00FD849C /* Debug */ = {
			isa = XCBuildConfiguration;
			buildSettings = {
				ALWAYS_SEARCH_USER_PATHS = NO;
				CLANG_CXX_LANGUAGE_STANDARD = "gnu++0x";
				CLANG_CXX_LIBRARY = "libc++";
				CLANG_ENABLE_MODULES = YES;
				CLANG_ENABLE_OBJC_ARC = YES;
				CLANG_WARN_BOOL_CONVERSION = YES;
				CLANG_WARN_CONSTANT_CONVERSION = YES;
				CLANG_WARN_DIRECT_OBJC_ISA_USAGE = YES_ERROR;
				CLANG_WARN_EMPTY_BODY = YES;
				CLANG_WARN_ENUM_CONVERSION = YES;
				CLANG_WARN_INT_CONVERSION = YES;
				CLANG_WARN_OBJC_ROOT_CLASS = YES_ERROR;
				CLANG_WARN_UNREACHABLE_CODE = YES;
				CLANG_WARN__DUPLICATE_METHOD_MATCH = YES;
				"CODE_SIGN_IDENTITY[sdk=iphoneos*]" = "iPhone Developer";
				COPY_PHASE_STRIP = NO;
				ENABLE_STRICT_OBJC_MSGSEND = YES;
				GCC_C_LANGUAGE_STANDARD = gnu99;
				GCC_DYNAMIC_NO_PIC = NO;
				GCC_OPTIMIZATION_LEVEL = 0;
				GCC_PREPROCESSOR_DEFINITIONS = (
					"DEBUG=1",
					"$(inherited)",
				);
				GCC_SYMBOLS_PRIVATE_EXTERN = NO;
				GCC_WARN_64_TO_32_BIT_CONVERSION = YES;
				GCC_WARN_ABOUT_RETURN_TYPE = YES_ERROR;
				GCC_WARN_UNDECLARED_SELECTOR = YES;
				GCC_WARN_UNINITIALIZED_AUTOS = YES_AGGRESSIVE;
				GCC_WARN_UNUSED_FUNCTION = YES;
				GCC_WARN_UNUSED_VARIABLE = YES;
				IPHONEOS_DEPLOYMENT_TARGET = 8.0;
				MTL_ENABLE_DEBUG_INFO = YES;
				ONLY_ACTIVE_ARCH = YES;
				SDKROOT = iphoneos;
				SWIFT_OPTIMIZATION_LEVEL = "-Onone";
				TARGETED_DEVICE_FAMILY = "1,2";
			};
			name = Debug;
		};
		7516816019FAC7EC00FD849C /* Release */ = {
			isa = XCBuildConfiguration;
			buildSettings = {
				ALWAYS_SEARCH_USER_PATHS = NO;
				CLANG_CXX_LANGUAGE_STANDARD = "gnu++0x";
				CLANG_CXX_LIBRARY = "libc++";
				CLANG_ENABLE_MODULES = YES;
				CLANG_ENABLE_OBJC_ARC = YES;
				CLANG_WARN_BOOL_CONVERSION = YES;
				CLANG_WARN_CONSTANT_CONVERSION = YES;
				CLANG_WARN_DIRECT_OBJC_ISA_USAGE = YES_ERROR;
				CLANG_WARN_EMPTY_BODY = YES;
				CLANG_WARN_ENUM_CONVERSION = YES;
				CLANG_WARN_INT_CONVERSION = YES;
				CLANG_WARN_OBJC_ROOT_CLASS = YES_ERROR;
				CLANG_WARN_UNREACHABLE_CODE = YES;
				CLANG_WARN__DUPLICATE_METHOD_MATCH = YES;
				"CODE_SIGN_IDENTITY[sdk=iphoneos*]" = "iPhone Developer";
				COPY_PHASE_STRIP = YES;
				ENABLE_NS_ASSERTIONS = NO;
				ENABLE_STRICT_OBJC_MSGSEND = YES;
				GCC_C_LANGUAGE_STANDARD = gnu99;
				GCC_WARN_64_TO_32_BIT_CONVERSION = YES;
				GCC_WARN_ABOUT_RETURN_TYPE = YES_ERROR;
				GCC_WARN_UNDECLARED_SELECTOR = YES;
				GCC_WARN_UNINITIALIZED_AUTOS = YES_AGGRESSIVE;
				GCC_WARN_UNUSED_FUNCTION = YES;
				GCC_WARN_UNUSED_VARIABLE = YES;
				IPHONEOS_DEPLOYMENT_TARGET = 8.0;
				MTL_ENABLE_DEBUG_INFO = NO;
				SDKROOT = iphoneos;
				TARGETED_DEVICE_FAMILY = "1,2";
				VALIDATE_PRODUCT = YES;
			};
			name = Release;
		};
		7516816219FAC7EC00FD849C /* Debug */ = {
			isa = XCBuildConfiguration;
			buildSettings = {
				ASSETCATALOG_COMPILER_APPICON_NAME = AppIcon;
				CLANG_ENABLE_MODULES = YES;
				CODE_SIGN_IDENTITY = "iPhone Developer";
				"CODE_SIGN_IDENTITY[sdk=iphoneos*]" = "iPhone Developer";
				FRAMEWORK_SEARCH_PATHS = (
					"$(inherited)",
					"$(PROJECT_DIR)/parse-library-1.4.2",
				);
				INFOPLIST_FILE = Underground/Info.plist;
				IPHONEOS_DEPLOYMENT_TARGET = 7.0;
				LD_RUNPATH_SEARCH_PATHS = "$(inherited) @executable_path/Frameworks";
				PRODUCT_NAME = "$(TARGET_NAME)";
				PROVISIONING_PROFILE = "";
				SWIFT_OBJC_BRIDGING_HEADER = "Underground-Bridging-Header.h";
				SWIFT_OPTIMIZATION_LEVEL = "-Onone";
			};
			name = Debug;
		};
		7516816319FAC7EC00FD849C /* Release */ = {
			isa = XCBuildConfiguration;
			buildSettings = {
				ASSETCATALOG_COMPILER_APPICON_NAME = AppIcon;
				CLANG_ENABLE_MODULES = YES;
				CODE_SIGN_IDENTITY = "iPhone Developer";
				"CODE_SIGN_IDENTITY[sdk=iphoneos*]" = "iPhone Developer";
				FRAMEWORK_SEARCH_PATHS = (
					"$(inherited)",
					"$(PROJECT_DIR)/parse-library-1.4.2",
				);
				INFOPLIST_FILE = Underground/Info.plist;
				IPHONEOS_DEPLOYMENT_TARGET = 7.0;
				LD_RUNPATH_SEARCH_PATHS = "$(inherited) @executable_path/Frameworks";
				PRODUCT_NAME = "$(TARGET_NAME)";
				PROVISIONING_PROFILE = "";
				SWIFT_OBJC_BRIDGING_HEADER = "Underground-Bridging-Header.h";
			};
			name = Release;
		};
		7516816519FAC7EC00FD849C /* Debug */ = {
			isa = XCBuildConfiguration;
			buildSettings = {
				BUNDLE_LOADER = "$(TEST_HOST)";
				FRAMEWORK_SEARCH_PATHS = (
					"$(SDKROOT)/Developer/Library/Frameworks",
					"$(inherited)",
				);
				GCC_PREPROCESSOR_DEFINITIONS = (
					"DEBUG=1",
					"$(inherited)",
				);
				INFOPLIST_FILE = UndergroundTests/Info.plist;
				LD_RUNPATH_SEARCH_PATHS = "$(inherited) @executable_path/Frameworks @loader_path/Frameworks";
				PRODUCT_NAME = "$(TARGET_NAME)";
				TEST_HOST = "$(BUILT_PRODUCTS_DIR)/Underground.app/Underground";
			};
			name = Debug;
		};
		7516816619FAC7EC00FD849C /* Release */ = {
			isa = XCBuildConfiguration;
			buildSettings = {
				BUNDLE_LOADER = "$(TEST_HOST)";
				FRAMEWORK_SEARCH_PATHS = (
					"$(SDKROOT)/Developer/Library/Frameworks",
					"$(inherited)",
				);
				INFOPLIST_FILE = UndergroundTests/Info.plist;
				LD_RUNPATH_SEARCH_PATHS = "$(inherited) @executable_path/Frameworks @loader_path/Frameworks";
				PRODUCT_NAME = "$(TARGET_NAME)";
				TEST_HOST = "$(BUILT_PRODUCTS_DIR)/Underground.app/Underground";
			};
			name = Release;
		};
/* End XCBuildConfiguration section */

/* Begin XCConfigurationList section */
		7516813D19FAC7EC00FD849C /* Build configuration list for PBXProject "Underground" */ = {
			isa = XCConfigurationList;
			buildConfigurations = (
				7516815F19FAC7EC00FD849C /* Debug */,
				7516816019FAC7EC00FD849C /* Release */,
			);
			defaultConfigurationIsVisible = 0;
			defaultConfigurationName = Release;
		};
		7516816119FAC7EC00FD849C /* Build configuration list for PBXNativeTarget "Underground" */ = {
			isa = XCConfigurationList;
			buildConfigurations = (
				7516816219FAC7EC00FD849C /* Debug */,
				7516816319FAC7EC00FD849C /* Release */,
			);
			defaultConfigurationIsVisible = 0;
			defaultConfigurationName = Release;
		};
		7516816419FAC7EC00FD849C /* Build configuration list for PBXNativeTarget "UndergroundTests" */ = {
			isa = XCConfigurationList;
			buildConfigurations = (
				7516816519FAC7EC00FD849C /* Debug */,
				7516816619FAC7EC00FD849C /* Release */,
			);
			defaultConfigurationIsVisible = 0;
			defaultConfigurationName = Release;
		};
/* End XCConfigurationList section */
	};
	rootObject = 7516813A19FAC7EC00FD849C /* Project object */;
}
